// !$*UTF8*$!
{
	archiveVersion = 1;
	classes = {
	};
	objectVersion = 56;
	objects = {

/* Begin PBXBuildFile section */
		869BBFBF294073880083BF1E /* AppDelegate.swift in Sources */ = {isa = PBXBuildFile; fileRef = 869BBFBE294073880083BF1E /* AppDelegate.swift */; };
		869BBFC1294073880083BF1E /* SceneDelegate.swift in Sources */ = {isa = PBXBuildFile; fileRef = 869BBFC0294073880083BF1E /* SceneDelegate.swift */; };
		869BBFC3294073880083BF1E /* ViewController.swift in Sources */ = {isa = PBXBuildFile; fileRef = 869BBFC2294073880083BF1E /* ViewController.swift */; };
		869BBFC6294073880083BF1E /* Main.storyboard in Resources */ = {isa = PBXBuildFile; fileRef = 869BBFC4294073880083BF1E /* Main.storyboard */; };
		869BBFC8294073890083BF1E /* Assets.xcassets in Resources */ = {isa = PBXBuildFile; fileRef = 869BBFC7294073890083BF1E /* Assets.xcassets */; };
		869BBFCB294073890083BF1E /* LaunchScreen.storyboard in Resources */ = {isa = PBXBuildFile; fileRef = 869BBFC9294073890083BF1E /* LaunchScreen.storyboard */; };
		869BBFD6294073890083BF1E /* AnimasyonIslemleriTests.swift in Sources */ = {isa = PBXBuildFile; fileRef = 869BBFD5294073890083BF1E /* AnimasyonIslemleriTests.swift */; };
		869BBFE0294073890083BF1E /* AnimasyonIslemleriUITests.swift in Sources */ = {isa = PBXBuildFile; fileRef = 869BBFDF294073890083BF1E /* AnimasyonIslemleriUITests.swift */; };
		869BBFE2294073890083BF1E /* AnimasyonIslemleriUITestsLaunchTests.swift in Sources */ = {isa = PBXBuildFile; fileRef = 869BBFE1294073890083BF1E /* AnimasyonIslemleriUITestsLaunchTests.swift */; };
/* End PBXBuildFile section */

/* Begin PBXContainerItemProxy section */
		869BBFD2294073890083BF1E /* PBXContainerItemProxy */ = {
			isa = PBXContainerItemProxy;
			containerPortal = 869BBFB3294073880083BF1E /* Project object */;
			proxyType = 1;
			remoteGlobalIDString = 869BBFBA294073880083BF1E;
			remoteInfo = AnimasyonIslemleri;
		};
		869BBFDC294073890083BF1E /* PBXContainerItemProxy */ = {
			isa = PBXContainerItemProxy;
			containerPortal = 869BBFB3294073880083BF1E /* Project object */;
			proxyType = 1;
			remoteGlobalIDString = 869BBFBA294073880083BF1E;
			remoteInfo = AnimasyonIslemleri;
		};
/* End PBXContainerItemProxy section */

/* Begin PBXFileReference section */
		869BBFBB294073880083BF1E /* AnimasyonIslemleri.app */ = {isa = PBXFileReference; explicitFileType = wrapper.application; includeInIndex = 0; path = AnimasyonIslemleri.app; sourceTree = BUILT_PRODUCTS_DIR; };
		869BBFBE294073880083BF1E /* AppDelegate.swift */ = {isa = PBXFileReference; lastKnownFileType = sourcecode.swift; path = AppDelegate.swift; sourceTree = "<group>"; };
		869BBFC0294073880083BF1E /* SceneDelegate.swift */ = {isa = PBXFileReference; lastKnownFileType = sourcecode.swift; path = SceneDelegate.swift; sourceTree = "<group>"; };
		869BBFC2294073880083BF1E /* ViewController.swift */ = {isa = PBXFileReference; lastKnownFileType = sourcecode.swift; path = ViewController.swift; sourceTree = "<group>"; };
		869BBFC5294073880083BF1E /* Base */ = {isa = PBXFileReference; lastKnownFileType = file.storyboard; name = Base; path = Base.lproj/Main.storyboard; sourceTree = "<group>"; };
		869BBFC7294073890083BF1E /* Assets.xcassets */ = {isa = PBXFileReference; lastKnownFileType = folder.assetcatalog; path = Assets.xcassets; sourceTree = "<group>"; };
		869BBFCA294073890083BF1E /* Base */ = {isa = PBXFileReference; lastKnownFileType = file.storyboard; name = Base; path = Base.lproj/LaunchScreen.storyboard; sourceTree = "<group>"; };
		869BBFCC294073890083BF1E /* Info.plist */ = {isa = PBXFileReference; lastKnownFileType = text.plist.xml; path = Info.plist; sourceTree = "<group>"; };
		869BBFD1294073890083BF1E /* AnimasyonIslemleriTests.xctest */ = {isa = PBXFileReference; explicitFileType = wrapper.cfbundle; includeInIndex = 0; path = AnimasyonIslemleriTests.xctest; sourceTree = BUILT_PRODUCTS_DIR; };
		869BBFD5294073890083BF1E /* AnimasyonIslemleriTests.swift */ = {isa = PBXFileReference; lastKnownFileType = sourcecode.swift; path = AnimasyonIslemleriTests.swift; sourceTree = "<group>"; };
		869BBFDB294073890083BF1E /* AnimasyonIslemleriUITests.xctest */ = {isa = PBXFileReference; explicitFileType = wrapper.cfbundle; includeInIndex = 0; path = AnimasyonIslemleriUITests.xctest; sourceTree = BUILT_PRODUCTS_DIR; };
		869BBFDF294073890083BF1E /* AnimasyonIslemleriUITests.swift */ = {isa = PBXFileReference; lastKnownFileType = sourcecode.swift; path = AnimasyonIslemleriUITests.swift; sourceTree = "<group>"; };
		869BBFE1294073890083BF1E /* AnimasyonIslemleriUITestsLaunchTests.swift */ = {isa = PBXFileReference; lastKnownFileType = sourcecode.swift; path = AnimasyonIslemleriUITestsLaunchTests.swift; sourceTree = "<group>"; };
/* End PBXFileReference section */

/* Begin PBXFrameworksBuildPhase section */
		869BBFB8294073880083BF1E /* Frameworks */ = {
			isa = PBXFrameworksBuildPhase;
			buildActionMask = 2147483647;
			files = (
			);
			runOnlyForDeploymentPostprocessing = 0;
		};
		869BBFCE294073890083BF1E /* Frameworks */ = {
			isa = PBXFrameworksBuildPhase;
			buildActionMask = 2147483647;
			files = (
			);
			runOnlyForDeploymentPostprocessing = 0;
		};
		869BBFD8294073890083BF1E /* Frameworks */ = {
			isa = PBXFrameworksBuildPhase;
			buildActionMask = 2147483647;
			files = (
			);
			runOnlyForDeploymentPostprocessing = 0;
		};
/* End PBXFrameworksBuildPhase section */

/* Begin PBXGroup section */
		869BBFB2294073880083BF1E = {
			isa = PBXGroup;
			children = (
				869BBFBD294073880083BF1E /* AnimasyonIslemleri */,
				869BBFD4294073890083BF1E /* AnimasyonIslemleriTests */,
				869BBFDE294073890083BF1E /* AnimasyonIslemleriUITests */,
				869BBFBC294073880083BF1E /* Products */,
			);
			sourceTree = "<group>";
		};
		869BBFBC294073880083BF1E /* Products */ = {
			isa = PBXGroup;
			children = (
				869BBFBB294073880083BF1E /* AnimasyonIslemleri.app */,
				869BBFD1294073890083BF1E /* AnimasyonIslemleriTests.xctest */,
				869BBFDB294073890083BF1E /* AnimasyonIslemleriUITests.xctest */,
			);
			name = Products;
			sourceTree = "<group>";
		};
		869BBFBD294073880083BF1E /* AnimasyonIslemleri */ = {
			isa = PBXGroup;
			children = (
				869BBFBE294073880083BF1E /* AppDelegate.swift */,
				869BBFC0294073880083BF1E /* SceneDelegate.swift */,
				869BBFC2294073880083BF1E /* ViewController.swift */,
				869BBFC4294073880083BF1E /* Main.storyboard */,
				869BBFC7294073890083BF1E /* Assets.xcassets */,
				869BBFC9294073890083BF1E /* LaunchScreen.storyboard */,
				869BBFCC294073890083BF1E /* Info.plist */,
			);
			path = AnimasyonIslemleri;
			sourceTree = "<group>";
		};
		869BBFD4294073890083BF1E /* AnimasyonIslemleriTests */ = {
			isa = PBXGroup;
			children = (
				869BBFD5294073890083BF1E /* AnimasyonIslemleriTests.swift */,
			);
			path = AnimasyonIslemleriTests;
			sourceTree = "<group>";
		};
		869BBFDE294073890083BF1E /* AnimasyonIslemleriUITests */ = {
			isa = PBXGroup;
			children = (
				869BBFDF294073890083BF1E /* AnimasyonIslemleriUITests.swift */,
				869BBFE1294073890083BF1E /* AnimasyonIslemleriUITestsLaunchTests.swift */,
			);
			path = AnimasyonIslemleriUITests;
			sourceTree = "<group>";
		};
/* End PBXGroup section */

/* Begin PBXNativeTarget section */
		869BBFBA294073880083BF1E /* AnimasyonIslemleri */ = {
			isa = PBXNativeTarget;
			buildConfigurationList = 869BBFE5294073890083BF1E /* Build configuration list for PBXNativeTarget "AnimasyonIslemleri" */;
			buildPhases = (
				869BBFB7294073880083BF1E /* Sources */,
				869BBFB8294073880083BF1E /* Frameworks */,
				869BBFB9294073880083BF1E /* Resources */,
			);
			buildRules = (
			);
			dependencies = (
			);
			name = AnimasyonIslemleri;
			productName = AnimasyonIslemleri;
			productReference = 869BBFBB294073880083BF1E /* AnimasyonIslemleri.app */;
			productType = "com.apple.product-type.application";
		};
		869BBFD0294073890083BF1E /* AnimasyonIslemleriTests */ = {
			isa = PBXNativeTarget;
			buildConfigurationList = 869BBFE8294073890083BF1E /* Build configuration list for PBXNativeTarget "AnimasyonIslemleriTests" */;
			buildPhases = (
				869BBFCD294073890083BF1E /* Sources */,
				869BBFCE294073890083BF1E /* Frameworks */,
				869BBFCF294073890083BF1E /* Resources */,
			);
			buildRules = (
			);
			dependencies = (
				869BBFD3294073890083BF1E /* PBXTargetDependency */,
			);
			name = AnimasyonIslemleriTests;
			productName = AnimasyonIslemleriTests;
			productReference = 869BBFD1294073890083BF1E /* AnimasyonIslemleriTests.xctest */;
			productType = "com.apple.product-type.bundle.unit-test";
		};
		869BBFDA294073890083BF1E /* AnimasyonIslemleriUITests */ = {
			isa = PBXNativeTarget;
			buildConfigurationList = 869BBFEB294073890083BF1E /* Build configuration list for PBXNativeTarget "AnimasyonIslemleriUITests" */;
			buildPhases = (
				869BBFD7294073890083BF1E /* Sources */,
				869BBFD8294073890083BF1E /* Frameworks */,
				869BBFD9294073890083BF1E /* Resources */,
			);
			buildRules = (
			);
			dependencies = (
				869BBFDD294073890083BF1E /* PBXTargetDependency */,
			);
			name = AnimasyonIslemleriUITests;
			productName = AnimasyonIslemleriUITests;
			productReference = 869BBFDB294073890083BF1E /* AnimasyonIslemleriUITests.xctest */;
			productType = "com.apple.product-type.bundle.ui-testing";
		};
/* End PBXNativeTarget section */

/* Begin PBXProject section */
		869BBFB3294073880083BF1E /* Project object */ = {
			isa = PBXProject;
			attributes = {
				BuildIndependentTargetsInParallel = 1;
				LastSwiftUpdateCheck = 1400;
				LastUpgradeCheck = 1400;
				TargetAttributes = {
					869BBFBA294073880083BF1E = {
						CreatedOnToolsVersion = 14.0.1;
					};
					869BBFD0294073890083BF1E = {
						CreatedOnToolsVersion = 14.0.1;
						TestTargetID = 869BBFBA294073880083BF1E;
					};
					869BBFDA294073890083BF1E = {
						CreatedOnToolsVersion = 14.0.1;
						TestTargetID = 869BBFBA294073880083BF1E;
					};
				};
			};
			buildConfigurationList = 869BBFB6294073880083BF1E /* Build configuration list for PBXProject "AnimasyonIslemleri" */;
			compatibilityVersion = "Xcode 14.0";
			developmentRegion = en;
			hasScannedForEncodings = 0;
			knownRegions = (
				en,
				Base,
			);
			mainGroup = 869BBFB2294073880083BF1E;
			productRefGroup = 869BBFBC294073880083BF1E /* Products */;
			projectDirPath = "";
			projectRoot = "";
			targets = (
				869BBFBA294073880083BF1E /* AnimasyonIslemleri */,
				869BBFD0294073890083BF1E /* AnimasyonIslemleriTests */,
				869BBFDA294073890083BF1E /* AnimasyonIslemleriUITests */,
			);
		};
/* End PBXProject section */

/* Begin PBXResourcesBuildPhase section */
		869BBFB9294073880083BF1E /* Resources */ = {
			isa = PBXResourcesBuildPhase;
			buildActionMask = 2147483647;
			files = (
				869BBFCB294073890083BF1E /* LaunchScreen.storyboard in Resources */,
				869BBFC8294073890083BF1E /* Assets.xcassets in Resources */,
				869BBFC6294073880083BF1E /* Main.storyboard in Resources */,
			);
			runOnlyForDeploymentPostprocessing = 0;
		};
		869BBFCF294073890083BF1E /* Resources */ = {
			isa = PBXResourcesBuildPhase;
			buildActionMask = 2147483647;
			files = (
			);
			runOnlyForDeploymentPostprocessing = 0;
		};
		869BBFD9294073890083BF1E /* Resources */ = {
			isa = PBXResourcesBuildPhase;
			buildActionMask = 2147483647;
			files = (
			);
			runOnlyForDeploymentPostprocessing = 0;
		};
/* End PBXResourcesBuildPhase section */

/* Begin PBXSourcesBuildPhase section */
		869BBFB7294073880083BF1E /* Sources */ = {
			isa = PBXSourcesBuildPhase;
			buildActionMask = 2147483647;
			files = (
				869BBFC3294073880083BF1E /* ViewController.swift in Sources */,
				869BBFBF294073880083BF1E /* AppDelegate.swift in Sources */,
				869BBFC1294073880083BF1E /* SceneDelegate.swift in Sources */,
			);
			runOnlyForDeploymentPostprocessing = 0;
		};
		869BBFCD294073890083BF1E /* Sources */ = {
			isa = PBXSourcesBuildPhase;
			buildActionMask = 2147483647;
			files = (
				869BBFD6294073890083BF1E /* AnimasyonIslemleriTests.swift in Sources */,
			);
			runOnlyForDeploymentPostprocessing = 0;
		};
		869BBFD7294073890083BF1E /* Sources */ = {
			isa = PBXSourcesBuildPhase;
			buildActionMask = 2147483647;
			files = (
				869BBFE0294073890083BF1E /* AnimasyonIslemleriUITests.swift in Sources */,
				869BBFE2294073890083BF1E /* AnimasyonIslemleriUITestsLaunchTests.swift in Sources */,
			);
			runOnlyForDeploymentPostprocessing = 0;
		};
/* End PBXSourcesBuildPhase section */

/* Begin PBXTargetDependency section */
		869BBFD3294073890083BF1E /* PBXTargetDependency */ = {
			isa = PBXTargetDependency;
			target = 869BBFBA294073880083BF1E /* AnimasyonIslemleri */;
			targetProxy = 869BBFD2294073890083BF1E /* PBXContainerItemProxy */;
		};
		869BBFDD294073890083BF1E /* PBXTargetDependency */ = {
			isa = PBXTargetDependency;
			target = 869BBFBA294073880083BF1E /* AnimasyonIslemleri */;
			targetProxy = 869BBFDC294073890083BF1E /* PBXContainerItemProxy */;
		};
/* End PBXTargetDependency section */

/* Begin PBXVariantGroup section */
		869BBFC4294073880083BF1E /* Main.storyboard */ = {
			isa = PBXVariantGroup;
			children = (
				869BBFC5294073880083BF1E /* Base */,
			);
			name = Main.storyboard;
			sourceTree = "<group>";
		};
		869BBFC9294073890083BF1E /* LaunchScreen.storyboard */ = {
			isa = PBXVariantGroup;
			children = (
				869BBFCA294073890083BF1E /* Base */,
			);
			name = LaunchScreen.storyboard;
			sourceTree = "<group>";
		};
/* End PBXVariantGroup section */

/* Begin XCBuildConfiguration section */
		869BBFE3294073890083BF1E /* Debug */ = {
			isa = XCBuildConfiguration;
			buildSettings = {
				ALWAYS_SEARCH_USER_PATHS = NO;
				CLANG_ANALYZER_NONNULL = YES;
				CLANG_ANALYZER_NUMBER_OBJECT_CONVERSION = YES_AGGRESSIVE;
				CLANG_CXX_LANGUAGE_STANDARD = "gnu++20";
				CLANG_ENABLE_MODULES = YES;
				CLANG_ENABLE_OBJC_ARC = YES;
				CLANG_ENABLE_OBJC_WEAK = YES;
				CLANG_WARN_BLOCK_CAPTURE_AUTORELEASING = YES;
				CLANG_WARN_BOOL_CONVERSION = YES;
				CLANG_WARN_COMMA = YES;
				CLANG_WARN_CONSTANT_CONVERSION = YES;
				CLANG_WARN_DEPRECATED_OBJC_IMPLEMENTATIONS = YES;
				CLANG_WARN_DIRECT_OBJC_ISA_USAGE = YES_ERROR;
				CLANG_WARN_DOCUMENTATION_COMMENTS = YES;
				CLANG_WARN_EMPTY_BODY = YES;
				CLANG_WARN_ENUM_CONVERSION = YES;
				CLANG_WARN_INFINITE_RECURSION = YES;
				CLANG_WARN_INT_CONVERSION = YES;
				CLANG_WARN_NON_LITERAL_NULL_CONVERSION = YES;
				CLANG_WARN_OBJC_IMPLICIT_RETAIN_SELF = YES;
				CLANG_WARN_OBJC_LITERAL_CONVERSION = YES;
				CLANG_WARN_OBJC_ROOT_CLASS = YES_ERROR;
				CLANG_WARN_QUOTED_INCLUDE_IN_FRAMEWORK_HEADER = YES;
				CLANG_WARN_RANGE_LOOP_ANALYSIS = YES;
				CLANG_WARN_STRICT_PROTOTYPES = YES;
				CLANG_WARN_SUSPICIOUS_MOVE = YES;
				CLANG_WARN_UNGUARDED_AVAILABILITY = YES_AGGRESSIVE;
				CLANG_WARN_UNREACHABLE_CODE = YES;
				CLANG_WARN__DUPLICATE_METHOD_MATCH = YES;
				COPY_PHASE_STRIP = NO;
				DEBUG_INFORMATION_FORMAT = dwarf;
				ENABLE_STRICT_OBJC_MSGSEND = YES;
				ENABLE_TESTABILITY = YES;
				GCC_C_LANGUAGE_STANDARD = gnu11;
				GCC_DYNAMIC_NO_PIC = NO;
				GCC_NO_COMMON_BLOCKS = YES;
				GCC_OPTIMIZATION_LEVEL = 0;
				GCC_PREPROCESSOR_DEFINITIONS = (
					"DEBUG=1",
					"$(inherited)",
				);
				GCC_WARN_64_TO_32_BIT_CONVERSION = YES;
				GCC_WARN_ABOUT_RETURN_TYPE = YES_ERROR;
				GCC_WARN_UNDECLARED_SELECTOR = YES;
				GCC_WARN_UNINITIALIZED_AUTOS = YES_AGGRESSIVE;
				GCC_WARN_UNUSED_FUNCTION = YES;
				GCC_WARN_UNUSED_VARIABLE = YES;
				IPHONEOS_DEPLOYMENT_TARGET = 16.0;
				MTL_ENABLE_DEBUG_INFO = INCLUDE_SOURCE;
				MTL_FAST_MATH = YES;
				ONLY_ACTIVE_ARCH = YES;
				SDKROOT = iphoneos;
				SWIFT_ACTIVE_COMPILATION_CONDITIONS = DEBUG;
				SWIFT_OPTIMIZATION_LEVEL = "-Onone";
			};
			name = Debug;
		};
		869BBFE4294073890083BF1E /* Release */ = {
			isa = XCBuildConfiguration;
			buildSettings = {
				ALWAYS_SEARCH_USER_PATHS = NO;
				CLANG_ANALYZER_NONNULL = YES;
				CLANG_ANALYZER_NUMBER_OBJECT_CONVERSION = YES_AGGRESSIVE;
				CLANG_CXX_LANGUAGE_STANDARD = "gnu++20";
				CLANG_ENABLE_MODULES = YES;
				CLANG_ENABLE_OBJC_ARC = YES;
				CLANG_ENABLE_OBJC_WEAK = YES;
				CLANG_WARN_BLOCK_CAPTURE_AUTORELEASING = YES;
				CLANG_WARN_BOOL_CONVERSION = YES;
				CLANG_WARN_COMMA = YES;
				CLANG_WARN_CONSTANT_CONVERSION = YES;
				CLANG_WARN_DEPRECATED_OBJC_IMPLEMENTATIONS = YES;
				CLANG_WARN_DIRECT_OBJC_ISA_USAGE = YES_ERROR;
				CLANG_WARN_DOCUMENTATION_COMMENTS = YES;
				CLANG_WARN_EMPTY_BODY = YES;
				CLANG_WARN_ENUM_CONVERSION = YES;
				CLANG_WARN_INFINITE_RECURSION = YES;
				CLANG_WARN_INT_CONVERSION = YES;
				CLANG_WARN_NON_LITERAL_NULL_CONVERSION = YES;
				CLANG_WARN_OBJC_IMPLICIT_RETAIN_SELF = YES;
				CLANG_WARN_OBJC_LITERAL_CONVERSION = YES;
				CLANG_WARN_OBJC_ROOT_CLASS = YES_ERROR;
				CLANG_WARN_QUOTED_INCLUDE_IN_FRAMEWORK_HEADER = YES;
				CLANG_WARN_RANGE_LOOP_ANALYSIS = YES;
				CLANG_WARN_STRICT_PROTOTYPES = YES;
				CLANG_WARN_SUSPICIOUS_MOVE = YES;
				CLANG_WARN_UNGUARDED_AVAILABILITY = YES_AGGRESSIVE;
				CLANG_WARN_UNREACHABLE_CODE = YES;
				CLANG_WARN__DUPLICATE_METHOD_MATCH = YES;
				COPY_PHASE_STRIP = NO;
				DEBUG_INFORMATION_FORMAT = "dwarf-with-dsym";
				ENABLE_NS_ASSERTIONS = NO;
				ENABLE_STRICT_OBJC_MSGSEND = YES;
				GCC_C_LANGUAGE_STANDARD = gnu11;
				GCC_NO_COMMON_BLOCKS = YES;
				GCC_WARN_64_TO_32_BIT_CONVERSION = YES;
				GCC_WARN_ABOUT_RETURN_TYPE = YES_ERROR;
				GCC_WARN_UNDECLARED_SELECTOR = YES;
				GCC_WARN_UNINITIALIZED_AUTOS = YES_AGGRESSIVE;
				GCC_WARN_UNUSED_FUNCTION = YES;
				GCC_WARN_UNUSED_VARIABLE = YES;
				IPHONEOS_DEPLOYMENT_TARGET = 16.0;
				MTL_ENABLE_DEBUG_INFO = NO;
				MTL_FAST_MATH = YES;
				SDKROOT = iphoneos;
				SWIFT_COMPILATION_MODE = wholemodule;
				SWIFT_OPTIMIZATION_LEVEL = "-O";
				VALIDATE_PRODUCT = YES;
			};
			name = Release;
		};
		869BBFE6294073890083BF1E /* Debug */ = {
			isa = XCBuildConfiguration;
			buildSettings = {
				ASSETCATALOG_COMPILER_APPICON_NAME = AppIcon;
				ASSETCATALOG_COMPILER_GLOBAL_ACCENT_COLOR_NAME = AccentColor;
				CODE_SIGN_STYLE = Automatic;
				CURRENT_PROJECT_VERSION = 1;
				DEVELOPMENT_TEAM = DW4R8GHFA2;
				GENERATE_INFOPLIST_FILE = YES;
				INFOPLIST_FILE = AnimasyonIslemleri/Info.plist;
				INFOPLIST_KEY_UIApplicationSupportsIndirectInputEvents = YES;
				INFOPLIST_KEY_UILaunchStoryboardName = LaunchScreen;
				INFOPLIST_KEY_UIMainStoryboardFile = Main;
				INFOPLIST_KEY_UISupportedInterfaceOrientations_iPad = "UIInterfaceOrientationPortrait UIInterfaceOrientationPortraitUpsideDown UIInterfaceOrientationLandscapeLeft UIInterfaceOrientationLandscapeRight";
				INFOPLIST_KEY_UISupportedInterfaceOrientations_iPhone = "UIInterfaceOrientationPortrait UIInterfaceOrientationLandscapeLeft UIInterfaceOrientationLandscapeRight";
				LD_RUNPATH_SEARCH_PATHS = (
					"$(inherited)",
					"@executable_path/Frameworks",
				);
				MARKETING_VERSION = 1.0;
				PRODUCT_BUNDLE_IDENTIFIER = ilker.AnimasyonIslemleri;
				PRODUCT_NAME = "$(TARGET_NAME)";
				SWIFT_EMIT_LOC_STRINGS = YES;
				SWIFT_VERSION = 5.0;
				TARGETED_DEVICE_FAMILY = "1,2";
			};
			name = Debug;
		};
		869BBFE7294073890083BF1E /* Release */ = {
			isa = XCBuildConfiguration;
			buildSettings = {
				ASSETCATALOG_COMPILER_APPICON_NAME = AppIcon;
				ASSETCATALOG_COMPILER_GLOBAL_ACCENT_COLOR_NAME = AccentColor;
				CODE_SIGN_STYLE = Automatic;
				CURRENT_PROJECT_VERSION = 1;
				DEVELOPMENT_TEAM = DW4R8GHFA2;
				GENERATE_INFOPLIST_FILE = YES;
				INFOPLIST_FILE = AnimasyonIslemleri/Info.plist;
				INFOPLIST_KEY_UIApplicationSupportsIndirectInputEvents = YES;
				INFOPLIST_KEY_UILaunchStoryboardName = LaunchScreen;
				INFOPLIST_KEY_UIMainStoryboardFile = Main;
				INFOPLIST_KEY_UISupportedInterfaceOrientations_iPad = "UIInterfaceOrientationPortrait UIInterfaceOrientationPortraitUpsideDown UIInterfaceOrientationLandscapeLeft UIInterfaceOrientationLandscapeRight";
				INFOPLIST_KEY_UISupportedInterfaceOrientations_iPhone = "UIInterfaceOrientationPortrait UIInterfaceOrientationLandscapeLeft UIInterfaceOrientationLandscapeRight";
				LD_RUNPATH_SEARCH_PATHS = (
					"$(inherited)",
					"@executable_path/Frameworks",
				);
				MARKETING_VERSION = 1.0;
				PRODUCT_BUNDLE_IDENTIFIER = ilker.AnimasyonIslemleri;
				PRODUCT_NAME = "$(TARGET_NAME)";
				SWIFT_EMIT_LOC_STRINGS = YES;
				SWIFT_VERSION = 5.0;
				TARGETED_DEVICE_FAMILY = "1,2";
			};
			name = Release;
		};
		869BBFE9294073890083BF1E /* Debug */ = {
			isa = XCBuildConfiguration;
			buildSettings = {
				ALWAYS_EMBED_SWIFT_STANDARD_LIBRARIES = YES;
				BUNDLE_LOADER = "$(TEST_HOST)";
				CODE_SIGN_STYLE = Automatic;
				CURRENT_PROJECT_VERSION = 1;
				DEVELOPMENT_TEAM = DW4R8GHFA2;
				GENERATE_INFOPLIST_FILE = YES;
				IPHONEOS_DEPLOYMENT_TARGET = 16.0;
				MARKETING_VERSION = 1.0;
				PRODUCT_BUNDLE_IDENTIFIER = ilker.AnimasyonIslemleriTests;
				PRODUCT_NAME = "$(TARGET_NAME)";
				SWIFT_EMIT_LOC_STRINGS = NO;
				SWIFT_VERSION = 5.0;
				TARGETED_DEVICE_FAMILY = "1,2";
				TEST_HOST = "$(BUILT_PRODUCTS_DIR)/AnimasyonIslemleri.app/$(BUNDLE_EXECUTABLE_FOLDER_PATH)/AnimasyonIslemleri";
			};
			name = Debug;
		};
		869BBFEA294073890083BF1E /* Release */ = {
			isa = XCBuildConfiguration;
			buildSettings = {
				ALWAYS_EMBED_SWIFT_STANDARD_LIBRARIES = YES;
				BUNDLE_LOADER = "$(TEST_HOST)";
				CODE_SIGN_STYLE = Automatic;
				CURRENT_PROJECT_VERSION = 1;
				DEVELOPMENT_TEAM = DW4R8GHFA2;
				GENERATE_INFOPLIST_FILE = YES;
				IPHONEOS_DEPLOYMENT_TARGET = 16.0;
				MARKETING_VERSION = 1.0;
				PRODUCT_BUNDLE_IDENTIFIER = ilker.AnimasyonIslemleriTests;
				PRODUCT_NAME = "$(TARGET_NAME)";
				SWIFT_EMIT_LOC_STRINGS = NO;
				SWIFT_VERSION = 5.0;
				TARGETED_DEVICE_FAMILY = "1,2";
				TEST_HOST = "$(BUILT_PRODUCTS_DIR)/AnimasyonIslemleri.app/$(BUNDLE_EXECUTABLE_FOLDER_PATH)/AnimasyonIslemleri";
			};
			name = Release;
		};
		869BBFEC294073890083BF1E /* Debug */ = {
			isa = XCBuildConfiguration;
			buildSettings = {
				ALWAYS_EMBED_SWIFT_STANDARD_LIBRARIES = YES;
				CODE_SIGN_STYLE = Automatic;
				CURRENT_PROJECT_VERSION = 1;
				DEVELOPMENT_TEAM = DW4R8GHFA2;
				GENERATE_INFOPLIST_FILE = YES;
				MARKETING_VERSION = 1.0;
				PRODUCT_BUNDLE_IDENTIFIER = ilker.AnimasyonIslemleriUITests;
				PRODUCT_NAME = "$(TARGET_NAME)";
				SWIFT_EMIT_LOC_STRINGS = NO;
				SWIFT_VERSION = 5.0;
				TARGETED_DEVICE_FAMILY = "1,2";
				TEST_TARGET_NAME = AnimasyonIslemleri;
			};
			name = Debug;
		};
		869BBFED294073890083BF1E /* Release */ = {
			isa = XCBuildConfiguration;
			buildSettings = {
				ALWAYS_EMBED_SWIFT_STANDARD_LIBRARIES = YES;
				CODE_SIGN_STYLE = Automatic;
				CURRENT_PROJECT_VERSION = 1;
				DEVELOPMENT_TEAM = DW4R8GHFA2;
				GENERATE_INFOPLIST_FILE = YES;
				MARKETING_VERSION = 1.0;
				PRODUCT_BUNDLE_IDENTIFIER = ilker.AnimasyonIslemleriUITests;
				PRODUCT_NAME = "$(TARGET_NAME)";
				SWIFT_EMIT_LOC_STRINGS = NO;
				SWIFT_VERSION = 5.0;
				TARGETED_DEVICE_FAMILY = "1,2";
				TEST_TARGET_NAME = AnimasyonIslemleri;
			};
			name = Release;
		};
/* End XCBuildConfiguration section */

/* Begin XCConfigurationList section */
		869BBFB6294073880083BF1E /* Build configuration list for PBXProject "AnimasyonIslemleri" */ = {
			isa = XCConfigurationList;
			buildConfigurations = (
				869BBFE3294073890083BF1E /* Debug */,
				869BBFE4294073890083BF1E /* Release */,
			);
			defaultConfigurationIsVisible = 0;
			defaultConfigurationName = Release;
		};
		869BBFE5294073890083BF1E /* Build configuration list for PBXNativeTarget "AnimasyonIslemleri" */ = {
			isa = XCConfigurationList;
			buildConfigurations = (
				869BBFE6294073890083BF1E /* Debug */,
				869BBFE7294073890083BF1E /* Release */,
			);
			defaultConfigurationIsVisible = 0;
			defaultConfigurationName = Release;
		};
		869BBFE8294073890083BF1E /* Build configuration list for PBXNativeTarget "AnimasyonIslemleriTests" */ = {
			isa = XCConfigurationList;
			buildConfigurations = (
				869BBFE9294073890083BF1E /* Debug */,
				869BBFEA294073890083BF1E /* Release */,
			);
			defaultConfigurationIsVisible = 0;
			defaultConfigurationName = Release;
		};
		869BBFEB294073890083BF1E /* Build configuration list for PBXNativeTarget "AnimasyonIslemleriUITests" */ = {
			isa = XCConfigurationList;
			buildConfigurations = (
				869BBFEC294073890083BF1E /* Debug */,
				869BBFED294073890083BF1E /* Release */,
			);
			defaultConfigurationIsVisible = 0;
			defaultConfigurationName = Release;
		};
/* End XCConfigurationList section */
	};
	rootObject = 869BBFB3294073880083BF1E /* Project object */;
}
